# THIS IS AN AUTOGENERATED FILE. DO NOT EDIT THIS FILE DIRECTLY.
# yarn lockfile v1


bs-platform@^2.0.0:
  version "2.1.0"
  resolved "https://registry.yarnpkg.com/bs-platform/-/bs-platform-2.1.0.tgz#63560ff8f7142c9c0631559df1c35590b9f6d8b2"

graphql@^0.13.0:
  version "0.13.0"
  resolved "https://registry.yarnpkg.com/graphql/-/graphql-0.13.0.tgz#d1b44a282279a9ce0a6ec1037329332f4c1079b6"
  dependencies:
    iterall "1.1.x"

iterall@1.1.x:
  version "1.1.4"
  resolved "https://registry.yarnpkg.com/iterall/-/iterall-1.1.4.tgz#0db40d38fdcf53ae14dc8ec674e62ab190d52cfc"
